// !$*UTF8*$!
{
	archiveVersion = 1;
	classes = {
	};
	objectVersion = 50;
	objects = {

/* Begin PBXBuildFile section */
		A48607A9248F8E540025CEBD /* main.cpp in Sources */ = {isa = PBXBuildFile; fileRef = A48607A8248F8E540025CEBD /* main.cpp */; };
		A48607B9248F8E750025CEBD /* libavcodec.58.54.100.dylib in Frameworks */ = {isa = PBXBuildFile; fileRef = A48607B0248F8E750025CEBD /* libavcodec.58.54.100.dylib */; };
		A48607BA248F8E750025CEBD /* libavfilter.7.57.100.dylib in Frameworks */ = {isa = PBXBuildFile; fileRef = A48607B1248F8E750025CEBD /* libavfilter.7.57.100.dylib */; };
		A48607BB248F8E750025CEBD /* libavresample.4.0.0.dylib in Frameworks */ = {isa = PBXBuildFile; fileRef = A48607B2248F8E750025CEBD /* libavresample.4.0.0.dylib */; };
		A48607BC248F8E750025CEBD /* libavutil.56.31.100.dylib in Frameworks */ = {isa = PBXBuildFile; fileRef = A48607B3248F8E750025CEBD /* libavutil.56.31.100.dylib */; };
		A48607BD248F8E750025CEBD /* libswresample.3.5.100.dylib in Frameworks */ = {isa = PBXBuildFile; fileRef = A48607B4248F8E750025CEBD /* libswresample.3.5.100.dylib */; };
		A48607BE248F8E750025CEBD /* libswscale.5.5.100.dylib in Frameworks */ = {isa = PBXBuildFile; fileRef = A48607B5248F8E750025CEBD /* libswscale.5.5.100.dylib */; };
		A48607BF248F8E750025CEBD /* libavformat.58.29.100.dylib in Frameworks */ = {isa = PBXBuildFile; fileRef = A48607B6248F8E750025CEBD /* libavformat.58.29.100.dylib */; };
		A48607C0248F8E750025CEBD /* libavdevice.58.8.100.dylib in Frameworks */ = {isa = PBXBuildFile; fileRef = A48607B7248F8E750025CEBD /* libavdevice.58.8.100.dylib */; };
		A48607C1248F8E750025CEBD /* libpostproc.55.5.100.dylib in Frameworks */ = {isa = PBXBuildFile; fileRef = A48607B8248F8E750025CEBD /* libpostproc.55.5.100.dylib */; };
/* End PBXBuildFile section */

/* Begin PBXCopyFilesBuildPhase section */
		A48607A3248F8E540025CEBD /* CopyFiles */ = {
			isa = PBXCopyFilesBuildPhase;
			buildActionMask = 2147483647;
			dstPath = /usr/share/man/man1/;
			dstSubfolderSpec = 0;
			files = (
			);
			runOnlyForDeploymentPostprocessing = 1;
		};
/* End PBXCopyFilesBuildPhase section */

/* Begin PBXFileReference section */
		A48607A5248F8E540025CEBD /* playing-sound */ = {isa = PBXFileReference; explicitFileType = "compiled.mach-o.executable"; includeInIndex = 0; path = "playing-sound"; sourceTree = BUILT_PRODUCTS_DIR; };
		A48607A8248F8E540025CEBD /* main.cpp */ = {isa = PBXFileReference; lastKnownFileType = sourcecode.cpp.cpp; path = main.cpp; sourceTree = "<group>"; };
		A48607B0248F8E750025CEBD /* libavcodec.58.54.100.dylib */ = {isa = PBXFileReference; lastKnownFileType = "compiled.mach-o.dylib"; name = libavcodec.58.54.100.dylib; path = ../../../../../../../../usr/local/Cellar/ffmpeg/4.2.3_1/lib/libavcodec.58.54.100.dylib; sourceTree = "<group>"; };
		A48607B1248F8E750025CEBD /* libavfilter.7.57.100.dylib */ = {isa = PBXFileReference; lastKnownFileType = "compiled.mach-o.dylib"; name = libavfilter.7.57.100.dylib; path = ../../../../../../../../usr/local/Cellar/ffmpeg/4.2.3_1/lib/libavfilter.7.57.100.dylib; sourceTree = "<group>"; };
		A48607B2248F8E750025CEBD /* libavresample.4.0.0.dylib */ = {isa = PBXFileReference; lastKnownFileType = "compiled.mach-o.dylib"; name = libavresample.4.0.0.dylib; path = ../../../../../../../../usr/local/Cellar/ffmpeg/4.2.3_1/lib/libavresample.4.0.0.dylib; sourceTree = "<group>"; };
		A48607B3248F8E750025CEBD /* libavutil.56.31.100.dylib */ = {isa = PBXFileReference; lastKnownFileType = "compiled.mach-o.dylib"; name = libavutil.56.31.100.dylib; path = ../../../../../../../../usr/local/Cellar/ffmpeg/4.2.3_1/lib/libavutil.56.31.100.dylib; sourceTree = "<group>"; };
		A48607B4248F8E750025CEBD /* libswresample.3.5.100.dylib */ = {isa = PBXFileReference; lastKnownFileType = "compiled.mach-o.dylib"; name = libswresample.3.5.100.dylib; path = ../../../../../../../../usr/local/Cellar/ffmpeg/4.2.3_1/lib/libswresample.3.5.100.dylib; sourceTree = "<group>"; };
		A48607B5248F8E750025CEBD /* libswscale.5.5.100.dylib */ = {isa = PBXFileReference; lastKnownFileType = "compiled.mach-o.dylib"; name = libswscale.5.5.100.dylib; path = ../../../../../../../../usr/local/Cellar/ffmpeg/4.2.3_1/lib/libswscale.5.5.100.dylib; sourceTree = "<group>"; };
		A48607B6248F8E750025CEBD /* libavformat.58.29.100.dylib */ = {isa = PBXFileReference; lastKnownFileType = "compiled.mach-o.dylib"; name = libavformat.58.29.100.dylib; path = ../../../../../../../../usr/local/Cellar/ffmpeg/4.2.3_1/lib/libavformat.58.29.100.dylib; sourceTree = "<group>"; };
		A48607B7248F8E750025CEBD /* libavdevice.58.8.100.dylib */ = {isa = PBXFileReference; lastKnownFileType = "compiled.mach-o.dylib"; name = libavdevice.58.8.100.dylib; path = ../../../../../../../../usr/local/Cellar/ffmpeg/4.2.3_1/lib/libavdevice.58.8.100.dylib; sourceTree = "<group>"; };
		A48607B8248F8E750025CEBD /* libpostproc.55.5.100.dylib */ = {isa = PBXFileReference; lastKnownFileType = "compiled.mach-o.dylib"; name = libpostproc.55.5.100.dylib; path = ../../../../../../../../usr/local/Cellar/ffmpeg/4.2.3_1/lib/libpostproc.55.5.100.dylib; sourceTree = "<group>"; };
/* End PBXFileReference section */

/* Begin PBXFrameworksBuildPhase section */
		A48607A2248F8E540025CEBD /* Frameworks */ = {
			isa = PBXFrameworksBuildPhase;
			buildActionMask = 2147483647;
			files = (
				A48607B9248F8E750025CEBD /* libavcodec.58.54.100.dylib in Frameworks */,
				A48607BA248F8E750025CEBD /* libavfilter.7.57.100.dylib in Frameworks */,
				A48607BB248F8E750025CEBD /* libavresample.4.0.0.dylib in Frameworks */,
				A48607BC248F8E750025CEBD /* libavutil.56.31.100.dylib in Frameworks */,
				A48607BD248F8E750025CEBD /* libswresample.3.5.100.dylib in Frameworks */,
				A48607BE248F8E750025CEBD /* libswscale.5.5.100.dylib in Frameworks */,
				A48607BF248F8E750025CEBD /* libavformat.58.29.100.dylib in Frameworks */,
				A48607C0248F8E750025CEBD /* libavdevice.58.8.100.dylib in Frameworks */,
				A48607C1248F8E750025CEBD /* libpostproc.55.5.100.dylib in Frameworks */,
			);
			runOnlyForDeploymentPostprocessing = 0;
		};
/* End PBXFrameworksBuildPhase section */

/* Begin PBXGroup section */
		A486079C248F8E540025CEBD = {
			isa = PBXGroup;
			children = (
				A48607A7248F8E540025CEBD /* playing-sound */,
				A48607A6248F8E540025CEBD /* Products */,
				A48607AF248F8E750025CEBD /* Frameworks */,
			);
			sourceTree = "<group>";
		};
		A48607A6248F8E540025CEBD /* Products */ = {
			isa = PBXGroup;
			children = (
				A48607A5248F8E540025CEBD /* playing-sound */,
			);
			name = Products;
			sourceTree = "<group>";
		};
		A48607A7248F8E540025CEBD /* playing-sound */ = {
			isa = PBXGroup;
			children = (
				A48607A8248F8E540025CEBD /* main.cpp */,
			);
			path = "playing-sound";
			sourceTree = "<group>";
		};
		A48607AF248F8E750025CEBD /* Frameworks */ = {
			isa = PBXGroup;
			children = (
				A48607B0248F8E750025CEBD /* libavcodec.58.54.100.dylib */,
				A48607B7248F8E750025CEBD /* libavdevice.58.8.100.dylib */,
				A48607B1248F8E750025CEBD /* libavfilter.7.57.100.dylib */,
				A48607B6248F8E750025CEBD /* libavformat.58.29.100.dylib */,
				A48607B2248F8E750025CEBD /* libavresample.4.0.0.dylib */,
				A48607B3248F8E750025CEBD /* libavutil.56.31.100.dylib */,
				A48607B8248F8E750025CEBD /* libpostproc.55.5.100.dylib */,
				A48607B4248F8E750025CEBD /* libswresample.3.5.100.dylib */,
				A48607B5248F8E750025CEBD /* libswscale.5.5.100.dylib */,
			);
			name = Frameworks;
			sourceTree = "<group>";
		};
/* End PBXGroup section */

/* Begin PBXNativeTarget section */
		A48607A4248F8E540025CEBD /* playing-sound */ = {
			isa = PBXNativeTarget;
			buildConfigurationList = A48607AC248F8E540025CEBD /* Build configuration list for PBXNativeTarget "playing-sound" */;
			buildPhases = (
				A48607A1248F8E540025CEBD /* Sources */,
				A48607A2248F8E540025CEBD /* Frameworks */,
				A48607A3248F8E540025CEBD /* CopyFiles */,
			);
			buildRules = (
			);
			dependencies = (
			);
			name = "playing-sound";
			productName = "playing-sound";
			productReference = A48607A5248F8E540025CEBD /* playing-sound */;
			productType = "com.apple.product-type.tool";
		};
/* End PBXNativeTarget section */

/* Begin PBXProject section */
		A486079D248F8E540025CEBD /* Project object */ = {
			isa = PBXProject;
			attributes = {
				LastUpgradeCheck = 1150;
				ORGANIZATIONNAME = usunyu;
				TargetAttributes = {
					A48607A4248F8E540025CEBD = {
						CreatedOnToolsVersion = 11.5;
					};
				};
			};
			buildConfigurationList = A48607A0248F8E540025CEBD /* Build configuration list for PBXProject "playing-sound" */;
			compatibilityVersion = "Xcode 9.3";
			developmentRegion = en;
			hasScannedForEncodings = 0;
			knownRegions = (
				en,
				Base,
			);
			mainGroup = A486079C248F8E540025CEBD;
			productRefGroup = A48607A6248F8E540025CEBD /* Products */;
			projectDirPath = "";
			projectRoot = "";
			targets = (
				A48607A4248F8E540025CEBD /* playing-sound */,
			);
		};
/* End PBXProject section */

/* Begin PBXSourcesBuildPhase section */
		A48607A1248F8E540025CEBD /* Sources */ = {
			isa = PBXSourcesBuildPhase;
			buildActionMask = 2147483647;
			files = (
				A48607A9248F8E540025CEBD /* main.cpp in Sources */,
			);
			runOnlyForDeploymentPostprocessing = 0;
		};
/* End PBXSourcesBuildPhase section */

/* Begin XCBuildConfiguration section */
		A48607AA248F8E540025CEBD /* Debug */ = {
			isa = XCBuildConfiguration;
			buildSettings = {
				ALWAYS_SEARCH_USER_PATHS = NO;
				CLANG_ANALYZER_NONNULL = YES;
				CLANG_ANALYZER_NUMBER_OBJECT_CONVERSION = YES_AGGRESSIVE;
				CLANG_CXX_LANGUAGE_STANDARD = "gnu++14";
				CLANG_CXX_LIBRARY = "libc++";
				CLANG_ENABLE_MODULES = YES;
				CLANG_ENABLE_OBJC_ARC = YES;
				CLANG_ENABLE_OBJC_WEAK = YES;
				CLANG_WARN_BLOCK_CAPTURE_AUTORELEASING = YES;
				CLANG_WARN_BOOL_CONVERSION = YES;
				CLANG_WARN_COMMA = YES;
				CLANG_WARN_CONSTANT_CONVERSION = YES;
				CLANG_WARN_DEPRECATED_OBJC_IMPLEMENTATIONS = YES;
				CLANG_WARN_DIRECT_OBJC_ISA_USAGE = YES_ERROR;
				CLANG_WARN_DOCUMENTATION_COMMENTS = YES;
				CLANG_WARN_EMPTY_BODY = YES;
				CLANG_WARN_ENUM_CONVERSION = YES;
				CLANG_WARN_INFINITE_RECURSION = YES;
				CLANG_WARN_INT_CONVERSION = YES;
				CLANG_WARN_NON_LITERAL_NULL_CONVERSION = YES;
				CLANG_WARN_OBJC_IMPLICIT_RETAIN_SELF = YES;
				CLANG_WARN_OBJC_LITERAL_CONVERSION = YES;
				CLANG_WARN_OBJC_ROOT_CLASS = YES_ERROR;
				CLANG_WARN_RANGE_LOOP_ANALYSIS = YES;
				CLANG_WARN_STRICT_PROTOTYPES = YES;
				CLANG_WARN_SUSPICIOUS_MOVE = YES;
				CLANG_WARN_UNGUARDED_AVAILABILITY = YES_AGGRESSIVE;
				CLANG_WARN_UNREACHABLE_CODE = YES;
				CLANG_WARN__DUPLICATE_METHOD_MATCH = YES;
				COPY_PHASE_STRIP = NO;
				DEBUG_INFORMATION_FORMAT = dwarf;
				ENABLE_STRICT_OBJC_MSGSEND = YES;
				ENABLE_TESTABILITY = YES;
				GCC_C_LANGUAGE_STANDARD = gnu11;
				GCC_DYNAMIC_NO_PIC = NO;
				GCC_NO_COMMON_BLOCKS = YES;
				GCC_OPTIMIZATION_LEVEL = 0;
				GCC_PREPROCESSOR_DEFINITIONS = (
					"DEBUG=1",
					"$(inherited)",
				);
				GCC_WARN_64_TO_32_BIT_CONVERSION = YES;
				GCC_WARN_ABOUT_RETURN_TYPE = YES_ERROR;
				GCC_WARN_UNDECLARED_SELECTOR = YES;
				GCC_WARN_UNINITIALIZED_AUTOS = YES_AGGRESSIVE;
				GCC_WARN_UNUSED_FUNCTION = YES;
				GCC_WARN_UNUSED_VARIABLE = YES;
				MACOSX_DEPLOYMENT_TARGET = 10.15;
				MTL_ENABLE_DEBUG_INFO = INCLUDE_SOURCE;
				MTL_FAST_MATH = YES;
				ONLY_ACTIVE_ARCH = YES;
				SDKROOT = macosx;
			};
			name = Debug;
		};
		A48607AB248F8E540025CEBD /* Release */ = {
			isa = XCBuildConfiguration;
			buildSettings = {
				ALWAYS_SEARCH_USER_PATHS = NO;
				CLANG_ANALYZER_NONNULL = YES;
				CLANG_ANALYZER_NUMBER_OBJECT_CONVERSION = YES_AGGRESSIVE;
				CLANG_CXX_LANGUAGE_STANDARD = "gnu++14";
				CLANG_CXX_LIBRARY = "libc++";
				CLANG_ENABLE_MODULES = YES;
				CLANG_ENABLE_OBJC_ARC = YES;
				CLANG_ENABLE_OBJC_WEAK = YES;
				CLANG_WARN_BLOCK_CAPTURE_AUTORELEASING = YES;
				CLANG_WARN_BOOL_CONVERSION = YES;
				CLANG_WARN_COMMA = YES;
				CLANG_WARN_CONSTANT_CONVERSION = YES;
				CLANG_WARN_DEPRECATED_OBJC_IMPLEMENTATIONS = YES;
				CLANG_WARN_DIRECT_OBJC_ISA_USAGE = YES_ERROR;
				CLANG_WARN_DOCUMENTATION_COMMENTS = YES;
				CLANG_WARN_EMPTY_BODY = YES;
				CLANG_WARN_ENUM_CONVERSION = YES;
				CLANG_WARN_INFINITE_RECURSION = YES;
				CLANG_WARN_INT_CONVERSION = YES;
				CLANG_WARN_NON_LITERAL_NULL_CONVERSION = YES;
				CLANG_WARN_OBJC_IMPLICIT_RETAIN_SELF = YES;
				CLANG_WARN_OBJC_LITERAL_CONVERSION = YES;
				CLANG_WARN_OBJC_ROOT_CLASS = YES_ERROR;
				CLANG_WARN_RANGE_LOOP_ANALYSIS = YES;
				CLANG_WARN_STRICT_PROTOTYPES = YES;
				CLANG_WARN_SUSPICIOUS_MOVE = YES;
				CLANG_WARN_UNGUARDED_AVAILABILITY = YES_AGGRESSIVE;
				CLANG_WARN_UNREACHABLE_CODE = YES;
				CLANG_WARN__DUPLICATE_METHOD_MATCH = YES;
				COPY_PHASE_STRIP = NO;
				DEBUG_INFORMATION_FORMAT = "dwarf-with-dsym";
				ENABLE_NS_ASSERTIONS = NO;
				ENABLE_STRICT_OBJC_MSGSEND = YES;
				GCC_C_LANGUAGE_STANDARD = gnu11;
				GCC_NO_COMMON_BLOCKS = YES;
				GCC_WARN_64_TO_32_BIT_CONVERSION = YES;
				GCC_WARN_ABOUT_RETURN_TYPE = YES_ERROR;
				GCC_WARN_UNDECLARED_SELECTOR = YES;
				GCC_WARN_UNINITIALIZED_AUTOS = YES_AGGRESSIVE;
				GCC_WARN_UNUSED_FUNCTION = YES;
				GCC_WARN_UNUSED_VARIABLE = YES;
				MACOSX_DEPLOYMENT_TARGET = 10.15;
				MTL_ENABLE_DEBUG_INFO = NO;
				MTL_FAST_MATH = YES;
				SDKROOT = macosx;
			};
			name = Release;
		};
		A48607AD248F8E540025CEBD /* Debug */ = {
			isa = XCBuildConfiguration;
			buildSettings = {
				CODE_SIGN_STYLE = Automatic;
				HEADER_SEARCH_PATHS = /usr/local/include;
				LIBRARY_SEARCH_PATHS = (
					"$(inherited)",
					/usr/local/Cellar/ffmpeg/4.2.3_1/lib,
				);
				PRODUCT_NAME = "$(TARGET_NAME)";
			};
			name = Debug;
		};
		A48607AE248F8E540025CEBD /* Release */ = {
			isa = XCBuildConfiguration;
			buildSettings = {
				CODE_SIGN_STYLE = Automatic;
				HEADER_SEARCH_PATHS = /usr/local/include;
				LIBRARY_SEARCH_PATHS = (
					"$(inherited)",
					/usr/local/Cellar/ffmpeg/4.2.3_1/lib,
				);
				PRODUCT_NAME = "$(TARGET_NAME)";
			};
			name = Release;
		};
/* End XCBuildConfiguration section */

/* Begin XCConfigurationList section */
		A48607A0248F8E540025CEBD /* Build configuration list for PBXProject "playing-sound" */ = {
			isa = XCConfigurationList;
			buildConfigurations = (
				A48607AA248F8E540025CEBD /* Debug */,
				A48607AB248F8E540025CEBD /* Release */,
			);
			defaultConfigurationIsVisible = 0;
			defaultConfigurationName = Release;
		};
		A48607AC248F8E540025CEBD /* Build configuration list for PBXNativeTarget "playing-sound" */ = {
			isa = XCConfigurationList;
			buildConfigurations = (
				A48607AD248F8E540025CEBD /* Debug */,
				A48607AE248F8E540025CEBD /* Release */,
			);
			defaultConfigurationIsVisible = 0;
			defaultConfigurationName = Release;
		};
/* End XCConfigurationList section */
	};
	rootObject = A486079D248F8E540025CEBD /* Project object */;
}
