// !$*UTF8*$!
{
	archiveVersion = 1;
	classes = {
	};
	objectVersion = 46;
	objects = {

/* Begin PBXBuildFile section */
		A43D24C61CEC4D1A00F5AE9C /* main.cpp in Sources */ = {isa = PBXBuildFile; fileRef = A43D24C51CEC4D1A00F5AE9C /* main.cpp */; };
		A4E0F1D31CEEE66100CDE2F8 /* Person.cpp in Sources */ = {isa = PBXBuildFile; fileRef = A4E0F1D11CEEE66100CDE2F8 /* Person.cpp */; };
/* End PBXBuildFile section */

/* Begin PBXCopyFilesBuildPhase section */
		A43D24C01CEC4D1A00F5AE9C /* CopyFiles */ = {
			isa = PBXCopyFilesBuildPhase;
			buildActionMask = 2147483647;
			dstPath = /usr/share/man/man1/;
			dstSubfolderSpec = 0;
			files = (
			);
			runOnlyForDeploymentPostprocessing = 1;
		};
/* End PBXCopyFilesBuildPhase section */

/* Begin PBXFileReference section */
		A43D24C21CEC4D1A00F5AE9C /* CppBeginnerTutorial */ = {isa = PBXFileReference; explicitFileType = "compiled.mach-o.executable"; includeInIndex = 0; path = CppBeginnerTutorial; sourceTree = BUILT_PRODUCTS_DIR; };
		A43D24C51CEC4D1A00F5AE9C /* main.cpp */ = {isa = PBXFileReference; lastKnownFileType = sourcecode.cpp.cpp; path = main.cpp; sourceTree = "<group>"; };
		A4E0F1D11CEEE66100CDE2F8 /* Person.cpp */ = {isa = PBXFileReference; fileEncoding = 4; lastKnownFileType = sourcecode.cpp.cpp; path = Person.cpp; sourceTree = "<group>"; };
		A4E0F1D21CEEE66100CDE2F8 /* Person.hpp */ = {isa = PBXFileReference; fileEncoding = 4; lastKnownFileType = sourcecode.cpp.h; path = Person.hpp; sourceTree = "<group>"; };
/* End PBXFileReference section */

/* Begin PBXFrameworksBuildPhase section */
		A43D24BF1CEC4D1A00F5AE9C /* Frameworks */ = {
			isa = PBXFrameworksBuildPhase;
			buildActionMask = 2147483647;
			files = (
			);
			runOnlyForDeploymentPostprocessing = 0;
		};
/* End PBXFrameworksBuildPhase section */

/* Begin PBXGroup section */
		A43D24B91CEC4D1A00F5AE9C = {
			isa = PBXGroup;
			children = (
				A43D24C41CEC4D1A00F5AE9C /* CppBeginnerTutorial */,
				A43D24C31CEC4D1A00F5AE9C /* Products */,
			);
			sourceTree = "<group>";
		};
		A43D24C31CEC4D1A00F5AE9C /* Products */ = {
			isa = PBXGroup;
			children = (
				A43D24C21CEC4D1A00F5AE9C /* CppBeginnerTutorial */,
			);
			name = Products;
			sourceTree = "<group>";
		};
		A43D24C41CEC4D1A00F5AE9C /* CppBeginnerTutorial */ = {
			isa = PBXGroup;
			children = (
				A43D24C51CEC4D1A00F5AE9C /* main.cpp */,
				A4E0F1D11CEEE66100CDE2F8 /* Person.cpp */,
				A4E0F1D21CEEE66100CDE2F8 /* Person.hpp */,
			);
			path = CppBeginnerTutorial;
			sourceTree = "<group>";
		};
/* End PBXGroup section */

/* Begin PBXNativeTarget section */
		A43D24C11CEC4D1A00F5AE9C /* CppBeginnerTutorial */ = {
			isa = PBXNativeTarget;
			buildConfigurationList = A43D24C91CEC4D1A00F5AE9C /* Build configuration list for PBXNativeTarget "CppBeginnerTutorial" */;
			buildPhases = (
				A43D24BE1CEC4D1A00F5AE9C /* Sources */,
				A43D24BF1CEC4D1A00F5AE9C /* Frameworks */,
				A43D24C01CEC4D1A00F5AE9C /* CopyFiles */,
			);
			buildRules = (
			);
			dependencies = (
			);
			name = CppBeginnerTutorial;
			productName = CppBeginnerTutorial;
			productReference = A43D24C21CEC4D1A00F5AE9C /* CppBeginnerTutorial */;
			productType = "com.apple.product-type.tool";
		};
/* End PBXNativeTarget section */

/* Begin PBXProject section */
		A43D24BA1CEC4D1A00F5AE9C /* Project object */ = {
			isa = PBXProject;
			attributes = {
				LastUpgradeCheck = 0730;
				ORGANIZATIONNAME = "Yu Sun";
				TargetAttributes = {
					A43D24C11CEC4D1A00F5AE9C = {
						CreatedOnToolsVersion = 7.3;
					};
				};
			};
			buildConfigurationList = A43D24BD1CEC4D1A00F5AE9C /* Build configuration list for PBXProject "CppBeginnerTutorial" */;
			compatibilityVersion = "Xcode 3.2";
			developmentRegion = English;
			hasScannedForEncodings = 0;
			knownRegions = (
				en,
			);
			mainGroup = A43D24B91CEC4D1A00F5AE9C;
			productRefGroup = A43D24C31CEC4D1A00F5AE9C /* Products */;
			projectDirPath = "";
			projectRoot = "";
			targets = (
				A43D24C11CEC4D1A00F5AE9C /* CppBeginnerTutorial */,
			);
		};
/* End PBXProject section */

/* Begin PBXSourcesBuildPhase section */
		A43D24BE1CEC4D1A00F5AE9C /* Sources */ = {
			isa = PBXSourcesBuildPhase;
			buildActionMask = 2147483647;
			files = (
				A4E0F1D31CEEE66100CDE2F8 /* Person.cpp in Sources */,
				A43D24C61CEC4D1A00F5AE9C /* main.cpp in Sources */,
			);
			runOnlyForDeploymentPostprocessing = 0;
		};
/* End PBXSourcesBuildPhase section */

/* Begin XCBuildConfiguration section */
		A43D24C71CEC4D1A00F5AE9C /* Debug */ = {
			isa = XCBuildConfiguration;
			buildSettings = {
				ALWAYS_SEARCH_USER_PATHS = NO;
				CLANG_ANALYZER_NONNULL = YES;
				CLANG_CXX_LANGUAGE_STANDARD = "gnu++0x";
				CLANG_CXX_LIBRARY = "libc++";
				CLANG_ENABLE_MODULES = YES;
				CLANG_ENABLE_OBJC_ARC = YES;
				CLANG_WARN_BOOL_CONVERSION = YES;
				CLANG_WARN_CONSTANT_CONVERSION = YES;
				CLANG_WARN_DIRECT_OBJC_ISA_USAGE = YES_ERROR;
				CLANG_WARN_EMPTY_BODY = YES;
				CLANG_WARN_ENUM_CONVERSION = YES;
				CLANG_WARN_INT_CONVERSION = YES;
				CLANG_WARN_OBJC_ROOT_CLASS = YES_ERROR;
				CLANG_WARN_UNREACHABLE_CODE = YES;
				CLANG_WARN__DUPLICATE_METHOD_MATCH = YES;
				CODE_SIGN_IDENTITY = "-";
				COPY_PHASE_STRIP = NO;
				DEBUG_INFORMATION_FORMAT = dwarf;
				ENABLE_STRICT_OBJC_MSGSEND = YES;
				ENABLE_TESTABILITY = YES;
				GCC_C_LANGUAGE_STANDARD = gnu99;
				GCC_DYNAMIC_NO_PIC = NO;
				GCC_NO_COMMON_BLOCKS = YES;
				GCC_OPTIMIZATION_LEVEL = 0;
				GCC_PREPROCESSOR_DEFINITIONS = (
					"DEBUG=1",
					"$(inherited)",
				);
				GCC_WARN_64_TO_32_BIT_CONVERSION = YES;
				GCC_WARN_ABOUT_RETURN_TYPE = YES_ERROR;
				GCC_WARN_UNDECLARED_SELECTOR = YES;
				GCC_WARN_UNINITIALIZED_AUTOS = YES_AGGRESSIVE;
				GCC_WARN_UNUSED_FUNCTION = YES;
				GCC_WARN_UNUSED_VARIABLE = YES;
				MACOSX_DEPLOYMENT_TARGET = 10.11;
				MTL_ENABLE_DEBUG_INFO = YES;
				ONLY_ACTIVE_ARCH = YES;
				SDKROOT = macosx;
			};
			name = Debug;
		};
		A43D24C81CEC4D1A00F5AE9C /* Release */ = {
			isa = XCBuildConfiguration;
			buildSettings = {
				ALWAYS_SEARCH_USER_PATHS = NO;
				CLANG_ANALYZER_NONNULL = YES;
				CLANG_CXX_LANGUAGE_STANDARD = "gnu++0x";
				CLANG_CXX_LIBRARY = "libc++";
				CLANG_ENABLE_MODULES = YES;
				CLANG_ENABLE_OBJC_ARC = YES;
				CLANG_WARN_BOOL_CONVERSION = YES;
				CLANG_WARN_CONSTANT_CONVERSION = YES;
				CLANG_WARN_DIRECT_OBJC_ISA_USAGE = YES_ERROR;
				CLANG_WARN_EMPTY_BODY = YES;
				CLANG_WARN_ENUM_CONVERSION = YES;
				CLANG_WARN_INT_CONVERSION = YES;
				CLANG_WARN_OBJC_ROOT_CLASS = YES_ERROR;
				CLANG_WARN_UNREACHABLE_CODE = YES;
				CLANG_WARN__DUPLICATE_METHOD_MATCH = YES;
				CODE_SIGN_IDENTITY = "-";
				COPY_PHASE_STRIP = NO;
				DEBUG_INFORMATION_FORMAT = "dwarf-with-dsym";
				ENABLE_NS_ASSERTIONS = NO;
				ENABLE_STRICT_OBJC_MSGSEND = YES;
				GCC_C_LANGUAGE_STANDARD = gnu99;
				GCC_NO_COMMON_BLOCKS = YES;
				GCC_WARN_64_TO_32_BIT_CONVERSION = YES;
				GCC_WARN_ABOUT_RETURN_TYPE = YES_ERROR;
				GCC_WARN_UNDECLARED_SELECTOR = YES;
				GCC_WARN_UNINITIALIZED_AUTOS = YES_AGGRESSIVE;
				GCC_WARN_UNUSED_FUNCTION = YES;
				GCC_WARN_UNUSED_VARIABLE = YES;
				MACOSX_DEPLOYMENT_TARGET = 10.11;
				MTL_ENABLE_DEBUG_INFO = NO;
				SDKROOT = macosx;
			};
			name = Release;
		};
		A43D24CA1CEC4D1A00F5AE9C /* Debug */ = {
			isa = XCBuildConfiguration;
			buildSettings = {
				PRODUCT_NAME = "$(TARGET_NAME)";
			};
			name = Debug;
		};
		A43D24CB1CEC4D1A00F5AE9C /* Release */ = {
			isa = XCBuildConfiguration;
			buildSettings = {
				PRODUCT_NAME = "$(TARGET_NAME)";
			};
			name = Release;
		};
/* End XCBuildConfiguration section */

/* Begin XCConfigurationList section */
		A43D24BD1CEC4D1A00F5AE9C /* Build configuration list for PBXProject "CppBeginnerTutorial" */ = {
			isa = XCConfigurationList;
			buildConfigurations = (
				A43D24C71CEC4D1A00F5AE9C /* Debug */,
				A43D24C81CEC4D1A00F5AE9C /* Release */,
			);
			defaultConfigurationIsVisible = 0;
			defaultConfigurationName = Release;
		};
		A43D24C91CEC4D1A00F5AE9C /* Build configuration list for PBXNativeTarget "CppBeginnerTutorial" */ = {
			isa = XCConfigurationList;
			buildConfigurations = (
				A43D24CA1CEC4D1A00F5AE9C /* Debug */,
				A43D24CB1CEC4D1A00F5AE9C /* Release */,
			);
			defaultConfigurationIsVisible = 0;
			defaultConfigurationName = Release;
		};
/* End XCConfigurationList section */
	};
	rootObject = A43D24BA1CEC4D1A00F5AE9C /* Project object */;
}
