// !$*UTF8*$!
{
	archiveVersion = 1;
	classes = {
	};
	objectVersion = 46;
	objects = {

/* Begin PBXBuildFile section */
		A4D10D3B1DC4540000F1C344 /* SharedAPI.cpp in Sources */ = {isa = PBXBuildFile; fileRef = A4D10D391DC4540000F1C344 /* SharedAPI.cpp */; };
		A4D10D3D1DC4646700F1C344 /* CSharp-Marshaling-Xcode.bundle in CopyFiles */ = {isa = PBXBuildFile; fileRef = A4D10D301DC4538F00F1C344 /* CSharp-Marshaling-Xcode.bundle */; };
/* End PBXBuildFile section */

/* Begin PBXCopyFilesBuildPhase section */
		A4D10D3C1DC4631F00F1C344 /* CopyFiles */ = {
			isa = PBXCopyFilesBuildPhase;
			buildActionMask = 2147483647;
			dstPath = "../../../CSharp Marshaling/Assets/Plugins/macOS";
			dstSubfolderSpec = 16;
			files = (
				A4D10D3D1DC4646700F1C344 /* CSharp-Marshaling-Xcode.bundle in CopyFiles */,
			);
			runOnlyForDeploymentPostprocessing = 0;
		};
/* End PBXCopyFilesBuildPhase section */

/* Begin PBXFileReference section */
		A4D10D301DC4538F00F1C344 /* CSharp-Marshaling-Xcode.bundle */ = {isa = PBXFileReference; explicitFileType = wrapper.cfbundle; includeInIndex = 0; path = "CSharp-Marshaling-Xcode.bundle"; sourceTree = BUILT_PRODUCTS_DIR; };
		A4D10D331DC4538F00F1C344 /* Info.plist */ = {isa = PBXFileReference; lastKnownFileType = text.plist.xml; path = Info.plist; sourceTree = "<group>"; };
		A4D10D391DC4540000F1C344 /* SharedAPI.cpp */ = {isa = PBXFileReference; fileEncoding = 4; lastKnownFileType = sourcecode.cpp.cpp; path = SharedAPI.cpp; sourceTree = "<group>"; };
		A4D10D3A1DC4540000F1C344 /* SharedAPI.hpp */ = {isa = PBXFileReference; fileEncoding = 4; lastKnownFileType = sourcecode.cpp.h; path = SharedAPI.hpp; sourceTree = "<group>"; };
/* End PBXFileReference section */

/* Begin PBXFrameworksBuildPhase section */
		A4D10D2D1DC4538F00F1C344 /* Frameworks */ = {
			isa = PBXFrameworksBuildPhase;
			buildActionMask = 2147483647;
			files = (
			);
			runOnlyForDeploymentPostprocessing = 0;
		};
/* End PBXFrameworksBuildPhase section */

/* Begin PBXGroup section */
		A4D10D271DC4538F00F1C344 = {
			isa = PBXGroup;
			children = (
				A4D10D321DC4538F00F1C344 /* CSharp-Marshaling-Xcode */,
				A4D10D311DC4538F00F1C344 /* Products */,
			);
			sourceTree = "<group>";
		};
		A4D10D311DC4538F00F1C344 /* Products */ = {
			isa = PBXGroup;
			children = (
				A4D10D301DC4538F00F1C344 /* CSharp-Marshaling-Xcode.bundle */,
			);
			name = Products;
			sourceTree = "<group>";
		};
		A4D10D321DC4538F00F1C344 /* CSharp-Marshaling-Xcode */ = {
			isa = PBXGroup;
			children = (
				A4D10D331DC4538F00F1C344 /* Info.plist */,
				A4D10D391DC4540000F1C344 /* SharedAPI.cpp */,
				A4D10D3A1DC4540000F1C344 /* SharedAPI.hpp */,
			);
			path = "CSharp-Marshaling-Xcode";
			sourceTree = "<group>";
		};
/* End PBXGroup section */

/* Begin PBXNativeTarget section */
		A4D10D2F1DC4538F00F1C344 /* CSharp-Marshaling-Xcode */ = {
			isa = PBXNativeTarget;
			buildConfigurationList = A4D10D361DC4538F00F1C344 /* Build configuration list for PBXNativeTarget "CSharp-Marshaling-Xcode" */;
			buildPhases = (
				A4D10D2C1DC4538F00F1C344 /* Sources */,
				A4D10D2D1DC4538F00F1C344 /* Frameworks */,
				A4D10D2E1DC4538F00F1C344 /* Resources */,
				A4D10D3C1DC4631F00F1C344 /* CopyFiles */,
			);
			buildRules = (
			);
			dependencies = (
			);
			name = "CSharp-Marshaling-Xcode";
			productName = "CSharp-Marshaling-Xcode";
			productReference = A4D10D301DC4538F00F1C344 /* CSharp-Marshaling-Xcode.bundle */;
			productType = "com.apple.product-type.bundle";
		};
/* End PBXNativeTarget section */

/* Begin PBXProject section */
		A4D10D281DC4538F00F1C344 /* Project object */ = {
			isa = PBXProject;
			attributes = {
				LastUpgradeCheck = 0800;
				ORGANIZATIONNAME = "Yu Sun";
				TargetAttributes = {
					A4D10D2F1DC4538F00F1C344 = {
						CreatedOnToolsVersion = 8.0;
						ProvisioningStyle = Automatic;
					};
				};
			};
			buildConfigurationList = A4D10D2B1DC4538F00F1C344 /* Build configuration list for PBXProject "CSharp-Marshaling-Xcode" */;
			compatibilityVersion = "Xcode 3.2";
			developmentRegion = English;
			hasScannedForEncodings = 0;
			knownRegions = (
				en,
			);
			mainGroup = A4D10D271DC4538F00F1C344;
			productRefGroup = A4D10D311DC4538F00F1C344 /* Products */;
			projectDirPath = "";
			projectRoot = "";
			targets = (
				A4D10D2F1DC4538F00F1C344 /* CSharp-Marshaling-Xcode */,
			);
		};
/* End PBXProject section */

/* Begin PBXResourcesBuildPhase section */
		A4D10D2E1DC4538F00F1C344 /* Resources */ = {
			isa = PBXResourcesBuildPhase;
			buildActionMask = 2147483647;
			files = (
			);
			runOnlyForDeploymentPostprocessing = 0;
		};
/* End PBXResourcesBuildPhase section */

/* Begin PBXSourcesBuildPhase section */
		A4D10D2C1DC4538F00F1C344 /* Sources */ = {
			isa = PBXSourcesBuildPhase;
			buildActionMask = 2147483647;
			files = (
				A4D10D3B1DC4540000F1C344 /* SharedAPI.cpp in Sources */,
			);
			runOnlyForDeploymentPostprocessing = 0;
		};
/* End PBXSourcesBuildPhase section */

/* Begin XCBuildConfiguration section */
		A4D10D341DC4538F00F1C344 /* Debug */ = {
			isa = XCBuildConfiguration;
			buildSettings = {
				ALWAYS_SEARCH_USER_PATHS = NO;
				CLANG_ANALYZER_NONNULL = YES;
				CLANG_CXX_LANGUAGE_STANDARD = "gnu++0x";
				CLANG_CXX_LIBRARY = "libc++";
				CLANG_ENABLE_MODULES = YES;
				CLANG_ENABLE_OBJC_ARC = YES;
				CLANG_WARN_BOOL_CONVERSION = YES;
				CLANG_WARN_CONSTANT_CONVERSION = YES;
				CLANG_WARN_DIRECT_OBJC_ISA_USAGE = YES_ERROR;
				CLANG_WARN_DOCUMENTATION_COMMENTS = YES;
				CLANG_WARN_EMPTY_BODY = YES;
				CLANG_WARN_ENUM_CONVERSION = YES;
				CLANG_WARN_INFINITE_RECURSION = YES;
				CLANG_WARN_INT_CONVERSION = YES;
				CLANG_WARN_OBJC_ROOT_CLASS = YES_ERROR;
				CLANG_WARN_SUSPICIOUS_MOVES = YES;
				CLANG_WARN_UNREACHABLE_CODE = YES;
				CLANG_WARN__DUPLICATE_METHOD_MATCH = YES;
				CODE_SIGN_IDENTITY = "-";
				COPY_PHASE_STRIP = NO;
				DEBUG_INFORMATION_FORMAT = dwarf;
				ENABLE_STRICT_OBJC_MSGSEND = YES;
				ENABLE_TESTABILITY = YES;
				GCC_C_LANGUAGE_STANDARD = gnu99;
				GCC_DYNAMIC_NO_PIC = NO;
				GCC_NO_COMMON_BLOCKS = YES;
				GCC_OPTIMIZATION_LEVEL = 0;
				GCC_PREPROCESSOR_DEFINITIONS = (
					"DEBUG=1",
					"$(inherited)",
				);
				GCC_WARN_64_TO_32_BIT_CONVERSION = YES;
				GCC_WARN_ABOUT_RETURN_TYPE = YES_ERROR;
				GCC_WARN_UNDECLARED_SELECTOR = YES;
				GCC_WARN_UNINITIALIZED_AUTOS = YES_AGGRESSIVE;
				GCC_WARN_UNUSED_FUNCTION = YES;
				GCC_WARN_UNUSED_VARIABLE = YES;
				MACOSX_DEPLOYMENT_TARGET = 10.12;
				MTL_ENABLE_DEBUG_INFO = YES;
				ONLY_ACTIVE_ARCH = YES;
				SDKROOT = macosx;
			};
			name = Debug;
		};
		A4D10D351DC4538F00F1C344 /* Release */ = {
			isa = XCBuildConfiguration;
			buildSettings = {
				ALWAYS_SEARCH_USER_PATHS = NO;
				CLANG_ANALYZER_NONNULL = YES;
				CLANG_CXX_LANGUAGE_STANDARD = "gnu++0x";
				CLANG_CXX_LIBRARY = "libc++";
				CLANG_ENABLE_MODULES = YES;
				CLANG_ENABLE_OBJC_ARC = YES;
				CLANG_WARN_BOOL_CONVERSION = YES;
				CLANG_WARN_CONSTANT_CONVERSION = YES;
				CLANG_WARN_DIRECT_OBJC_ISA_USAGE = YES_ERROR;
				CLANG_WARN_DOCUMENTATION_COMMENTS = YES;
				CLANG_WARN_EMPTY_BODY = YES;
				CLANG_WARN_ENUM_CONVERSION = YES;
				CLANG_WARN_INFINITE_RECURSION = YES;
				CLANG_WARN_INT_CONVERSION = YES;
				CLANG_WARN_OBJC_ROOT_CLASS = YES_ERROR;
				CLANG_WARN_SUSPICIOUS_MOVES = YES;
				CLANG_WARN_UNREACHABLE_CODE = YES;
				CLANG_WARN__DUPLICATE_METHOD_MATCH = YES;
				CODE_SIGN_IDENTITY = "-";
				COPY_PHASE_STRIP = NO;
				DEBUG_INFORMATION_FORMAT = "dwarf-with-dsym";
				ENABLE_NS_ASSERTIONS = NO;
				ENABLE_STRICT_OBJC_MSGSEND = YES;
				GCC_C_LANGUAGE_STANDARD = gnu99;
				GCC_NO_COMMON_BLOCKS = YES;
				GCC_WARN_64_TO_32_BIT_CONVERSION = YES;
				GCC_WARN_ABOUT_RETURN_TYPE = YES_ERROR;
				GCC_WARN_UNDECLARED_SELECTOR = YES;
				GCC_WARN_UNINITIALIZED_AUTOS = YES_AGGRESSIVE;
				GCC_WARN_UNUSED_FUNCTION = YES;
				GCC_WARN_UNUSED_VARIABLE = YES;
				MACOSX_DEPLOYMENT_TARGET = 10.12;
				MTL_ENABLE_DEBUG_INFO = NO;
				SDKROOT = macosx;
			};
			name = Release;
		};
		A4D10D371DC4538F00F1C344 /* Debug */ = {
			isa = XCBuildConfiguration;
			buildSettings = {
				COMBINE_HIDPI_IMAGES = YES;
				HEADER_SEARCH_PATHS = /usr/local/include;
				INFOPLIST_FILE = "CSharp-Marshaling-Xcode/Info.plist";
				INSTALL_PATH = "$(LOCAL_LIBRARY_DIR)/Bundles";
				PRODUCT_BUNDLE_IDENTIFIER = "yusun.CSharp-Marshaling-Xcode";
				PRODUCT_NAME = "$(TARGET_NAME)";
				SKIP_INSTALL = YES;
				WRAPPER_EXTENSION = bundle;
			};
			name = Debug;
		};
		A4D10D381DC4538F00F1C344 /* Release */ = {
			isa = XCBuildConfiguration;
			buildSettings = {
				COMBINE_HIDPI_IMAGES = YES;
				HEADER_SEARCH_PATHS = /usr/local/include;
				INFOPLIST_FILE = "CSharp-Marshaling-Xcode/Info.plist";
				INSTALL_PATH = "$(LOCAL_LIBRARY_DIR)/Bundles";
				PRODUCT_BUNDLE_IDENTIFIER = "yusun.CSharp-Marshaling-Xcode";
				PRODUCT_NAME = "$(TARGET_NAME)";
				SKIP_INSTALL = YES;
				WRAPPER_EXTENSION = bundle;
			};
			name = Release;
		};
/* End XCBuildConfiguration section */

/* Begin XCConfigurationList section */
		A4D10D2B1DC4538F00F1C344 /* Build configuration list for PBXProject "CSharp-Marshaling-Xcode" */ = {
			isa = XCConfigurationList;
			buildConfigurations = (
				A4D10D341DC4538F00F1C344 /* Debug */,
				A4D10D351DC4538F00F1C344 /* Release */,
			);
			defaultConfigurationIsVisible = 0;
			defaultConfigurationName = Release;
		};
		A4D10D361DC4538F00F1C344 /* Build configuration list for PBXNativeTarget "CSharp-Marshaling-Xcode" */ = {
			isa = XCConfigurationList;
			buildConfigurations = (
				A4D10D371DC4538F00F1C344 /* Debug */,
				A4D10D381DC4538F00F1C344 /* Release */,
			);
			defaultConfigurationIsVisible = 0;
		};
/* End XCConfigurationList section */
	};
	rootObject = A4D10D281DC4538F00F1C344 /* Project object */;
}
